Microsoft Visual Studio Solution File, Format Version 12.00
# Visual Studio Version 17
VisualStudioVersion = 17.12.35707.178
MinimumVisualStudioVersion = 10.0.40219.1
Project("{FAE04EC0-301F-11D3-BF4B-00C04F79EFBC}") = "AppSettings", "AppSettings\AppSettings.csproj", "{1C67498E-02A4-496C-859E-1E261D8EAE24}"
EndProject
Project("{2150E333-8FDC-42A3-9474-1A3956D46DE8}") = "01. AppSettings", "01. AppSettings", "{CD05E41A-4A76-4C4C-9D8B-36FA1E1083DF}"
EndProject
Project("{2150E333-8FDC-42A3-9474-1A3956D46DE8}") = "02. Docker", "02. Docker", "{560ECC82-F52E-4370-B754-6164FBEFEF2B}"
EndProject
Project("{FAE04EC0-301F-11D3-BF4B-00C04F79EFBC}") = "Docker", "Docker\Docker.csproj", "{70776E21-7D9B-49E3-B137-978940C14506}"
EndProject
Project("{2150E333-8FDC-42A3-9474-1A3956D46DE8}") = "03. OTel", "03. OTel", "{81EC7C77-2A63-4A6D-833A-0A5C7F904288}"
EndProject
Project("{FAE04EC0-301F-11D3-BF4B-00C04F79EFBC}") = "OTelDemo.AppHost", "OTelDemo\OTelDemo.AppHost\OTelDemo.AppHost.csproj", "{BC49DD09-EA1E-4722-91ED-93244C120D67}"
EndProject
Project("{FAE04EC0-301F-11D3-BF4B-00C04F79EFBC}") = "OTelDemo.ServiceDefaults", "OTelDemo\OTelDemo.ServiceDefaults\OTelDemo.ServiceDefaults.csproj", "{0B326A92-EB68-4A6B-93EC-C44B49AA8F50}"
EndProject
Project("{FAE04EC0-301F-11D3-BF4B-00C04F79EFBC}") = "OTelDemo.ApiService", "OTelDemo\OTelDemo.ApiService\OTelDemo.ApiService.csproj", "{F3980109-9DCA-48A2-A3B4-DADBFC895889}"
EndProject
Project("{FAE04EC0-301F-11D3-BF4B-00C04F79EFBC}") = "OTelDemo.Web", "OTelDemo\OTelDemo.Web\OTelDemo.Web.csproj", "{0DB2893A-B59A-4A52-B10F-38694E242440}"
EndProject
Project("{2150E333-8FDC-42A3-9474-1A3956D46DE8}") = "Aspire", "Aspire", "{DE357467-6619-4BAA-8ED2-E8768F2D9589}"
EndProject
Project("{FAE04EC0-301F-11D3-BF4B-00C04F79EFBC}") = "OtelAspNet", "OtelAspNet\OtelAspNet.csproj", "{F3DDB01B-2CC0-42A3-89BD-19F2761CCE26}"
EndProject
Project("{2150E333-8FDC-42A3-9474-1A3956D46DE8}") = "04. SQLTransactions", "04. SQLTransactions", "{5258AD92-A13D-4491-9754-66708B295AC9}"
EndProject
Project("{FAE04EC0-301F-11D3-BF4B-00C04F79EFBC}") = "TransactionsDemo", "TransactionsDemo\TransactionsDemo.csproj", "{ABB768C6-232F-474F-B891-334D988680FE}"
EndProject
Project("{2150E333-8FDC-42A3-9474-1A3956D46DE8}") = "01. StructsClassesRecords", "01. StructsClassesRecords", "{689F3378-6E81-4952-8870-EAFB828947C5}"
EndProject
Project("{FAE04EC0-301F-11D3-BF4B-00C04F79EFBC}") = "StructsDemo", "StructsDemo\StructsDemo.csproj", "{728D7C30-72A6-497F-A00C-E4D41815E0DD}"
EndProject
Global
	GlobalSection(SolutionConfigurationPlatforms) = preSolution
		Debug|Any CPU = Debug|Any CPU
		Release|Any CPU = Release|Any CPU
	EndGlobalSection
	GlobalSection(ProjectConfigurationPlatforms) = postSolution
		{1C67498E-02A4-496C-859E-1E261D8EAE24}.Debug|Any CPU.ActiveCfg = Debug|Any CPU
		{1C67498E-02A4-496C-859E-1E261D8EAE24}.Debug|Any CPU.Build.0 = Debug|Any CPU
		{1C67498E-02A4-496C-859E-1E261D8EAE24}.Release|Any CPU.ActiveCfg = Release|Any CPU
		{1C67498E-02A4-496C-859E-1E261D8EAE24}.Release|Any CPU.Build.0 = Release|Any CPU
		{70776E21-7D9B-49E3-B137-978940C14506}.Debug|Any CPU.ActiveCfg = Debug|Any CPU
		{70776E21-7D9B-49E3-B137-978940C14506}.Debug|Any CPU.Build.0 = Debug|Any CPU
		{70776E21-7D9B-49E3-B137-978940C14506}.Release|Any CPU.ActiveCfg = Release|Any CPU
		{70776E21-7D9B-49E3-B137-978940C14506}.Release|Any CPU.Build.0 = Release|Any CPU
		{BC49DD09-EA1E-4722-91ED-93244C120D67}.Debug|Any CPU.ActiveCfg = Debug|Any CPU
		{BC49DD09-EA1E-4722-91ED-93244C120D67}.Debug|Any CPU.Build.0 = Debug|Any CPU
		{BC49DD09-EA1E-4722-91ED-93244C120D67}.Release|Any CPU.ActiveCfg = Release|Any CPU
		{BC49DD09-EA1E-4722-91ED-93244C120D67}.Release|Any CPU.Build.0 = Release|Any CPU
		{0B326A92-EB68-4A6B-93EC-C44B49AA8F50}.Debug|Any CPU.ActiveCfg = Debug|Any CPU
		{0B326A92-EB68-4A6B-93EC-C44B49AA8F50}.Debug|Any CPU.Build.0 = Debug|Any CPU
		{0B326A92-EB68-4A6B-93EC-C44B49AA8F50}.Release|Any CPU.ActiveCfg = Release|Any CPU
		{0B326A92-EB68-4A6B-93EC-C44B49AA8F50}.Release|Any CPU.Build.0 = Release|Any CPU
		{F3980109-9DCA-48A2-A3B4-DADBFC895889}.Debug|Any CPU.ActiveCfg = Debug|Any CPU
		{F3980109-9DCA-48A2-A3B4-DADBFC895889}.Debug|Any CPU.Build.0 = Debug|Any CPU
		{F3980109-9DCA-48A2-A3B4-DADBFC895889}.Release|Any CPU.ActiveCfg = Release|Any CPU
		{F3980109-9DCA-48A2-A3B4-DADBFC895889}.Release|Any CPU.Build.0 = Release|Any CPU
		{0DB2893A-B59A-4A52-B10F-38694E242440}.Debug|Any CPU.ActiveCfg = Debug|Any CPU
		{0DB2893A-B59A-4A52-B10F-38694E242440}.Debug|Any CPU.Build.0 = Debug|Any CPU
		{0DB2893A-B59A-4A52-B10F-38694E242440}.Release|Any CPU.ActiveCfg = Release|Any CPU
		{0DB2893A-B59A-4A52-B10F-38694E242440}.Release|Any CPU.Build.0 = Release|Any CPU
		{F3DDB01B-2CC0-42A3-89BD-19F2761CCE26}.Debug|Any CPU.ActiveCfg = Debug|Any CPU
		{F3DDB01B-2CC0-42A3-89BD-19F2761CCE26}.Debug|Any CPU.Build.0 = Debug|Any CPU
		{F3DDB01B-2CC0-42A3-89BD-19F2761CCE26}.Release|Any CPU.ActiveCfg = Release|Any CPU
		{F3DDB01B-2CC0-42A3-89BD-19F2761CCE26}.Release|Any CPU.Build.0 = Release|Any CPU
		{ABB768C6-232F-474F-B891-334D988680FE}.Debug|Any CPU.ActiveCfg = Debug|Any CPU
		{ABB768C6-232F-474F-B891-334D988680FE}.Debug|Any CPU.Build.0 = Debug|Any CPU
		{ABB768C6-232F-474F-B891-334D988680FE}.Release|Any CPU.ActiveCfg = Release|Any CPU
		{ABB768C6-232F-474F-B891-334D988680FE}.Release|Any CPU.Build.0 = Release|Any CPU
		{728D7C30-72A6-497F-A00C-E4D41815E0DD}.Debug|Any CPU.ActiveCfg = Debug|Any CPU
		{728D7C30-72A6-497F-A00C-E4D41815E0DD}.Debug|Any CPU.Build.0 = Debug|Any CPU
		{728D7C30-72A6-497F-A00C-E4D41815E0DD}.Release|Any CPU.ActiveCfg = Release|Any CPU
		{728D7C30-72A6-497F-A00C-E4D41815E0DD}.Release|Any CPU.Build.0 = Release|Any CPU
	EndGlobalSection
	GlobalSection(SolutionProperties) = preSolution
		HideSolutionNode = FALSE
	EndGlobalSection
	GlobalSection(NestedProjects) = preSolution
		{1C67498E-02A4-496C-859E-1E261D8EAE24} = {CD05E41A-4A76-4C4C-9D8B-36FA1E1083DF}
		{70776E21-7D9B-49E3-B137-978940C14506} = {560ECC82-F52E-4370-B754-6164FBEFEF2B}
		{BC49DD09-EA1E-4722-91ED-93244C120D67} = {DE357467-6619-4BAA-8ED2-E8768F2D9589}
		{0B326A92-EB68-4A6B-93EC-C44B49AA8F50} = {DE357467-6619-4BAA-8ED2-E8768F2D9589}
		{F3980109-9DCA-48A2-A3B4-DADBFC895889} = {DE357467-6619-4BAA-8ED2-E8768F2D9589}
		{0DB2893A-B59A-4A52-B10F-38694E242440} = {DE357467-6619-4BAA-8ED2-E8768F2D9589}
		{DE357467-6619-4BAA-8ED2-E8768F2D9589} = {81EC7C77-2A63-4A6D-833A-0A5C7F904288}
		{F3DDB01B-2CC0-42A3-89BD-19F2761CCE26} = {81EC7C77-2A63-4A6D-833A-0A5C7F904288}
		{ABB768C6-232F-474F-B891-334D988680FE} = {5258AD92-A13D-4491-9754-66708B295AC9}
		{728D7C30-72A6-497F-A00C-E4D41815E0DD} = {689F3378-6E81-4952-8870-EAFB828947C5}
	EndGlobalSection
EndGlobal
